{
  "version": 4,
  "terraform_version": "1.15.1",
  "serial": 33,
  "lineage": "016c5d34-79e8-4069-f497-32b166b39949",
  "outputs": {},
  "resources": [
    {
      "module": "module.eks",
      "mode": "managed",
      "type": "aws_eks_cluster",
      "name": "main",
      "provider": "provider[\"registry.terraform.io/hashicorp/aws\"]",
      "instances": [
        {
          "schema_version": 1,
          "attributes": {
            "access_config": [],
            "arn": "arn:aws:eks:us-east-1:000000000000:cluster/malaa-cluster",
            "bootstrap_self_managed_addons": true,
            "certificate_authority": [
              {
                "data": "LS0tLS1CRUdJTiBDRVJUSUZJQ0FURS0tLS0tCk1JSVBJakNDRFFxZ0F3SUJBZ0lRTHVaWm0xbTFHbGRUcm1NQ0IrdUFmakFOQmdrcWhraUc5dzBCQVF3RkFEQkwKTVFzd0NRWURWUVFHRXdKQlZERVFNQTRHQTFVRUNoTUhXbVZ5YjFOVFRERXFNQ2dHQTFVRUF4TWhXbVZ5YjFOVApUQ0JTVTBFZ1JHOXRZV2x1SUZObFkzVnlaU0JUYVhSbElFTkJNQjRYRFRJMk1ETXhNREF3TURBd01Gb1hEVEkyCk1EWXdPREl6TlRrMU9Wb3dKVEVqTUNFR0ExVUVBeE1hYkc5allXeG9iM04wTG14dlkyRnNjM1JoWTJzdVkyeHYKZFdRd2dnRWlNQTBHQ1NxR1NJYjNEUUVCQVFVQUE0SUJEd0F3Z2dFS0FvSUJBUUNjcWlPejdCVmxlbmVEV3lYYgpHNzBndzZaNlh2cWF6YklzcHk5Y2wyaDYvekVyNGFjYVdGbCttcW5zV2dxcFl5d1FoS0Y1VkQwaEY0RXRFRTR1CkNQQ2J2RTNsdmd4QzRCSWl1OVpSZXRFNmFJaFNaL0dKSXM3OWdQQTc4cCtpOWJnZXBZSmJNckJQdUJkVWNNSUEKN25LSVpOaE8yOTdzZGdNclRQRXF3WlpheHFLSkNsUUdPK1pRa3FOak9iQ0NqaldDUXR2dUluS0NMWHVSOTh6SwppOThPNDJiUEtrc0FoNlJLWDUweWxHV1hPZExJV1Z6RlZheE9CZXFsSzlYTTBHV05HWWVxWEtueWhKazVldTRKClFsSmVFcjNmbzlUZEdRMWNBU0E4Ni8yV2lxOVNxWUlOWmx2L1Y0RkM4c08zZmlpeExFZXppYm04TXlDaEdyZ2IKYXhBVEFnTUJBQUdqZ2dzbU1JSUxJakFmQmdOVkhTTUVHREFXZ0JUSTJYaG9vdGtaYU5VOWN0NWZDajdjdFlhRwpwakFkQmdOVkhRNEVGZ1FVZnBsbzdKL3pwZVowazRqdTZRVCtpaG1JSkxNd0RnWURWUjBQQVFIL0JBUURBZ1dnCk1Bd0dBMVVkRXdFQi93UUNNQUF3RXdZRFZSMGxCQXd3Q2dZSUt3WUJCUVVIQXdFd1NRWURWUjBnQkVJd1FEQTAKQmdzckJnRUVBYkl4QVFJQ1RqQWxNQ01HQ0NzR0FRVUZCd0lCRmhkb2RIUndjem92TDNObFkzUnBaMjh1WTI5dApMME5RVXpBSUJnWm5nUXdCQWdFd2dZZ0dDQ3NHQVFVRkJ3RUJCSHd3ZWpCTEJnZ3JCZ0VGQlFjd0FvWS9hSFIwCmNEb3ZMM3BsY205emMyd3VZM0owTG5ObFkzUnBaMjh1WTI5dEwxcGxjbTlUVTB4U1UwRkViMjFoYVc1VFpXTjEKY21WVGFYUmxRMEV1WTNKME1Dc0dDQ3NHQVFVRkJ6QUJoaDlvZEhSd09pOHZlbVZ5YjNOemJDNXZZM053TG5ObApZM1JwWjI4dVkyOXRNSUlCQlFZS0t3WUJCQUhXZVFJRUFnU0I5Z1NCOHdEeEFIY0FEbGVVdlBPdXFUNHpHeXlaCkI3UDNrTitid2oxeE1pWGRJYWtsckdIRlRpRUFBQUdjMlBPVnlBQUFCQU1BU0RCR0FpRUExTFNGOUNuNXlXMTQKUFdXdlVPQ2VyS2NRVGJBUUxaczhnVDlRajdsMFhBSUNJUUMwYk9hNDNMTzhnU3lBMEZESEhlcDEwc2c2K3RYSApVRlpEdnpqZDk4RjI3UUIyQUJhRExhdndxU1VQRC9BNnBVWC95TC9JSTlDSFMvWUVLU2Y0NXg4ekUvWDZBQUFCCm5OanpsZ3NBQUFRREFFY3dSUUloQUxNTUNibUpETFRJd01RNWNwWjBSZFRZQm1IdVlhcnFVOEt2TkoxUStHc0IKQWlCT1E2bWhWUU5zbEhxczcrQTJYNERCWUNZWXdOVDZycStRWDYrYUZrN05sakNDQ013R0ExVWRFUVNDQ01NdwpnZ2kvZ2hwc2IyTmhiR2h2YzNRdWJHOWpZV3h6ZEdGamF5NWpiRzkxWklJbUtpNWhZMkV1WVhwMWNtVXViRzlqCllXeG9iM04wTG14dlkyRnNjM1JoWTJzdVkyeHZkV1NDSmlvdVlXdGhMbUY2ZFhKbExteHZZMkZzYUc5emRDNXMKYjJOaGJITjBZV05yTG1Oc2IzVmtnaWNxTG1GdGNHeHBabmxoY0hBdWJHOWpZV3hvYjNOMExteHZZMkZzYzNSaApZMnN1WTJ4dmRXU0NJaW91WVhwMWNtVXViRzlqWVd4b2IzTjBMbXh2WTJGc2MzUmhZMnN1WTJ4dmRXU0NLaW91CllYcDFjbVZqY2k1aGVuVnlaUzVzYjJOaGJHaHZjM1F1Ykc5allXeHpkR0ZqYXk1amJHOTFaSUl3S2k1aGVuVnkKWlhkbFluTnBkR1Z6TG1GNmRYSmxMbXh2WTJGc2FHOXpkQzVzYjJOaGJITjBZV05yTG1Oc2IzVmtnaXdxTG1KcwpiMkl1WTI5eVpTNWhlblZ5WlM1c2IyTmhiR2h2YzNRdWJHOWpZV3h6ZEdGamF5NWpiRzkxWklJbktpNWpiRzkxClpHWnliMjUwTG14dlkyRnNhRzl6ZEM1c2IyTmhiSE4wWVdOckxtTnNiM1ZrZ2pFcUxtUnJjaTVsWTNJdVpYVXQKWTJWdWRISmhiQzB4TG14dlkyRnNhRzl6ZEM1c2IyTmhiSE4wWVdOckxtTnNiM1ZrZ2k0cUxtUnJjaTVsWTNJdQpaWFV0ZDJWemRDMHhMbXh2WTJGc2FHOXpkQzVzYjJOaGJITjBZV05yTG1Oc2IzVmtnaTRxTG1ScmNpNWxZM0l1CmRYTXRaV0Z6ZEMweExteHZZMkZzYUc5emRDNXNiMk5oYkhOMFlXTnJMbU5zYjNWa2dpNHFMbVJyY2k1bFkzSXUKZFhNdFpXRnpkQzB5TG14dlkyRnNhRzl6ZEM1c2IyTmhiSE4wWVdOckxtTnNiM1ZrZ2k0cUxtUnJjaTVsWTNJdQpkWE10ZDJWemRDMHhMbXh2WTJGc2FHOXpkQzVzYjJOaGJITjBZV05yTG1Oc2IzVmtnaTRxTG1ScmNpNWxZM0l1CmRYTXRkMlZ6ZEMweUxteHZZMkZzYUc5emRDNXNiMk5oYkhOMFlXTnJMbU5zYjNWa2dpQXFMbVZzWWk1c2IyTmgKYkdodmMzUXViRzlqWVd4emRHRmpheTVqYkc5MVpJSTBLaTVsZFMxalpXNTBjbUZzTFRFdWIzQmxibk5sWVhKagphQzVzYjJOaGJHaHZjM1F1Ykc5allXeHpkR0ZqYXk1amJHOTFaSUl4S2k1bGRTMTNaWE4wTFRFdWIzQmxibk5sCllYSmphQzVzYjJOaGJHaHZjM1F1Ykc5allXeHpkR0ZqYXk1amJHOTFaSUlvS2k1bGVHVmpkWFJsTFdGd2FTNXMKYjJOaGJHaHZjM1F1Ykc5allXeHpkR0ZqYXk1amJHOTFaSUlzS2k1bWFXeGxMbU52Y21VdVlYcDFjbVV1Ykc5agpZV3hvYjNOMExteHZZMkZzYzNSaFkyc3VZMnh2ZFdTQ05Db3ViR0Z0WW1SaExYVnliQzVsZFMxalpXNTBjbUZzCkxURXViRzlqWVd4b2IzTjBMbXh2WTJGc2MzUmhZMnN1WTJ4dmRXU0NNU291YkdGdFltUmhMWFZ5YkM1bGRTMTMKWlhOMExURXViRzlqWVd4b2IzTjBMbXh2WTJGc2MzUmhZMnN1WTJ4dmRXU0NNU291YkdGdFltUmhMWFZ5YkM1MQpjeTFsWVhOMExURXViRzlqWVd4b2IzTjBMbXh2WTJGc2MzUmhZMnN1WTJ4dmRXU0NNU291YkdGdFltUmhMWFZ5CmJDNTFjeTFsWVhOMExUSXViRzlqWVd4b2IzTjBMbXh2WTJGc2MzUmhZMnN1WTJ4dmRXU0NNU291YkdGdFltUmgKTFhWeWJDNTFjeTEzWlhOMExURXViRzlqWVd4b2IzTjBMbXh2WTJGc2MzUmhZMnN1WTJ4dmRXU0NNU291YkdGdApZbVJoTFhWeWJDNTFjeTEzWlhOMExUSXViRzlqWVd4b2IzTjBMbXh2WTJGc2MzUmhZMnN1WTJ4dmRXU0NIQ291CmJHOWpZV3hvYjNOMExteHZZMkZzYzNSaFkyc3VZMnh2ZFdTQ0tDb3ViWGx6Y1d3dVlYcDFjbVV1Ykc5allXeG8KYjNOMExteHZZMkZzYzNSaFkyc3VZMnh2ZFdTQ0p5b3ViM0JsYm5ObFlYSmphQzVzYjJOaGJHaHZjM1F1Ykc5agpZV3h6ZEdGamF5NWpiRzkxWklJdEtpNXdiM04wWjNKbGMzRnNMbUY2ZFhKbExteHZZMkZzYUc5emRDNXNiMk5oCmJITjBZV05yTG1Oc2IzVmtnaTBxTG5GMVpYVmxMbU52Y21VdVlYcDFjbVV1Ykc5allXeG9iM04wTG14dlkyRnMKYzNSaFkyc3VZMnh2ZFdTQ0tDb3VjbVZrYVhNdVlYcDFjbVV1Ykc5allXeG9iM04wTG14dlkyRnNjM1JoWTJzdQpZMnh2ZFdTQ0p5b3Vjek10ZDJWaWMybDBaUzVzYjJOaGJHaHZjM1F1Ykc5allXeHpkR0ZqYXk1amJHOTFaSUlmCktpNXpNeTVzYjJOaGJHaHZjM1F1Ykc5allXeHpkR0ZqYXk1amJHOTFaSUkwS2k1elkyMHVZWHAxY21WM1pXSnoKYVhSbGN5NWhlblZ5WlM1c2IyTmhiR2h2YzNRdWJHOWpZV3h6ZEdGamF5NWpiRzkxWklJZ0tpNXpZMjB1Ykc5agpZV3hvYjNOMExteHZZMkZzYzNSaFkyc3VZMnh2ZFdTQ0xTb3VjMlZ5ZG1salpXSjFjeTVoZW5WeVpTNXNiMk5oCmJHaHZjM1F1Ykc5allXeHpkR0ZqYXk1amJHOTFaSUltS2k1emJtOTNabXhoYTJVdWJHOWpZV3hvYjNOMExteHYKWTJGc2MzUmhZMnN1WTJ4dmRXU0NMU291ZEdGaWJHVXVZMjl5WlM1aGVuVnlaUzVzYjJOaGJHaHZjM1F1Ykc5agpZV3h6ZEdGamF5NWpiRzkxWklJeEtpNTFjeTFsWVhOMExURXViM0JsYm5ObFlYSmphQzVzYjJOaGJHaHZjM1F1CmJHOWpZV3h6ZEdGamF5NWpiRzkxWklJeEtpNTFjeTFsWVhOMExUSXViM0JsYm5ObFlYSmphQzVzYjJOaGJHaHYKYzNRdWJHOWpZV3h6ZEdGamF5NWpiRzkxWklJeEtpNTFjeTEzWlhOMExURXViM0JsYm5ObFlYSmphQzVzYjJOaApiR2h2YzNRdWJHOWpZV3h6ZEdGamF5NWpiRzkxWklJeEtpNTFjeTEzWlhOMExUSXViM0JsYm5ObFlYSmphQzVzCmIyTmhiR2h2YzNRdWJHOWpZV3h6ZEdGamF5NWpiRzkxWklJb0tpNTJZWFZzZEM1aGVuVnlaUzVzYjJOaGJHaHYKYzNRdWJHOWpZV3h6ZEdGamF5NWpiRzkxWklJcmMzRnpMbVYxTFdObGJuUnlZV3d0TVM1c2IyTmhiR2h2YzNRdQpiRzlqWVd4emRHRmpheTVqYkc5MVpJSW9jM0Z6TG1WMUxYZGxjM1F0TVM1c2IyTmhiR2h2YzNRdWJHOWpZV3h6CmRHRmpheTVqYkc5MVpJSW9jM0Z6TG5WekxXVmhjM1F0TVM1c2IyTmhiR2h2YzNRdWJHOWpZV3h6ZEdGamF5NWoKYkc5MVpJSW9jM0Z6TG5WekxXVmhjM1F0TWk1c2IyTmhiR2h2YzNRdWJHOWpZV3h6ZEdGamF5NWpiRzkxWklJbwpjM0Z6TG5WekxYZGxjM1F0TVM1c2IyTmhiR2h2YzNRdWJHOWpZV3h6ZEdGamF5NWpiRzkxWklJb2MzRnpMblZ6CkxYZGxjM1F0TWk1c2IyTmhiR2h2YzNRdWJHOWpZV3h6ZEdGamF5NWpiRzkxWkRBTkJna3Foa2lHOXcwQkFRd0YKQUFPQ0FnRUFncGpqamU4dktvZzZHUEFQRExwRkZYNHorbjhHR3VDTkgveWxQTllqQ0xYREdlTUJyZUtJdFJFRApsaGlBSDhBRk9uSWRrVGNIa0dia1NBTnJ2d3NINWNzK2FzdUVEOFJlQzlCYUtlVUgyZkJzM0Naa2xiR2l2azQyCjdUV1ZDRVl6ZEN6QnRzUE5VZE8zeERJTTh4Tlp4a2REN01NR1dhTi9GMkQxdTFBckZPRm1Rc1VwRjJSNVp5SE4KQ2R4WGVJaU5JS2xBZnBrcUJ4TVRoVWRaMHQyd25OWVNaS1hDS3Ntclh0NDBSKzFNTEdWc3BvS3k2Uk52dnBYbwpuM3FyOEdaVGFPKzJHSmxTUHBMc1RhYUF1Q05DZ3g1Y1Bqa2UvOTFhaFFhQkZ5dGI2aGFTdXBJNzF1dWlaa3IvCklZTGFwL2tKZ0Z1RHhQckpHNmJpcnZiU1kzS2FtV0hVOGppT3kxVTJWS2hLeG9GeUpVUUd3NDV5OFVZWERTSU4KS21zWm1sK0w1WWVFV0wrSUJQb2ppeUlWQkk5V1BnV1FXQ3NPQkFlSUEzSk9TMktUTDltTTZFcWVlUEhIaTdENQp4Q2p6WWRqTjlLZFRIWnk1ZHkrZklzRm5nRldIeEF1OStnZ3JlbmNLWXlyZm4yK2xWazkwV3Awak5GenVNTXhwCjBVRy9vbjl2VzVZVjRrUFhKam1ZNEIxaDFyUENUZzNoQjFXSU1HSHpxalFpTlRJbXZkdEczYUZ4OG9wM2xjZEoKZVM0QjdXZExoZmVWSWhLTzg5ZG5ocU1OYjJOdWkzdXdpendqN0JicmdPTkpyTElTRlVxU0wwV1ZocFVxYnd1VAphTXZVeU5RcWRqZnppNWRXZS9MS0gzd3NRVDhFdk81RUs1ZlFGTTlvK0l2WnZnU1ZUcWM9Ci0tLS0tRU5EIENFUlRJRklDQVRFLS0tLS0KLS0tLS1CRUdJTiBDRVJUSUZJQ0FURS0tLS0tCk1JSUcxVENDQkwyZ0F3SUJBZ0lRYkZXcjI5QUhrc2VkQnd6WUVaN1d2ekFOQmdrcWhraUc5dzBCQVF3RkFEQ0IKaURFTE1Ba0dBMVVFQmhNQ1ZWTXhFekFSQmdOVkJBZ1RDazVsZHlCS1pYSnpaWGt4RkRBU0JnTlZCQWNUQzBwbApjbk5sZVNCRGFYUjVNUjR3SEFZRFZRUUtFeFZVYUdVZ1ZWTkZVbFJTVlZOVUlFNWxkSGR2Y21zeExqQXNCZ05WCkJBTVRKVlZUUlZKVWNuVnpkQ0JTVTBFZ1EyVnlkR2xtYVdOaGRHbHZiaUJCZFhSb2IzSnBkSGt3SGhjTk1qQXcKTVRNd01EQXdNREF3V2hjTk16QXdNVEk1TWpNMU9UVTVXakJMTVFzd0NRWURWUVFHRXdKQlZERVFNQTRHQTFVRQpDaE1IV21WeWIxTlRUREVxTUNnR0ExVUVBeE1oV21WeWIxTlRUQ0JTVTBFZ1JHOXRZV2x1SUZObFkzVnlaU0JUCmFYUmxJRU5CTUlJQ0lqQU5CZ2txaGtpRzl3MEJBUUVGQUFPQ0FnOEFNSUlDQ2dLQ0FnRUFobWx6ZnFPMU1kZ2oKNFczZHBCUFRWQlgxQXV2Y0F5RzFmbDBkVW53L01ldWVDV3pSV1RoZVozNUxWbzkxa0xJM0REVmFaS1crVEJBcwpKQmpFYlltTXdjV1NUV1lDZzUzMzRTRjArY3REQXNGeHNYK3JURGg5a1NyRy80bXA2T1NodWJMYUVJVUppWm80CnQ4NzNUdVNkMFdqNURXdDNEdHBBRzhUMzVsL3YreHJOOHViOFBTU29YNVZrZ3craldmNEtRdE52VUZMRHE4bUYKV2hVblBMNmpIQUFEWHB2czRsVE5Zd090eDl5UXRicHh3U3Q3UUpZMStJQ3JtUkpCNkJ1S1J0L2pmREpGOUpzYwpSUVZsSEl4UWRLQUpsN29hVm5YZ0RrcXRrMnFkZGQza0NEWGQ3NGd2ODEzRzkxejdDanNHeUo5M29KSWxOUzNVCmdGYkQ2VjU0Sk1nWjNyU21vdFliejk4b1p4WDdNS2J0Q20xYUovcStoVHYyWUsxeU14cm5mY2llS21PWUJiRkQKaG5XNU82Uk1BNzAzZEJLOTJqNlhSTjJFdHRMa1F1dWpaZ3kralhSS3RhV01JbGtOa1dKbU9pSG1FclFuZ0h2dAppTmtJY2pKdW1xMWRkRlg0aWFUSTQwYTZ6Z3ZJQnR4RmVEczJSZmNhSDczZXI3Y3ROVVVxZ1FUNXJGZ0poTW1GCng3NnJRZ0I1T1pVa29kYjVrMmV4N1ArR3U0Sjg2YlMxNTA5NFV1WWNWMDloVmVrbm1UaDVFeDlDQktpcExTMlcKMndLQmFrZithVlluTkNVNlMwbkFTcXQyeHJacEdDMXY3djZEaHVlcHl5SnRuM3FTVjJQb0JpVTVTcWwrYUFScAp3VWliUU1HbTQ0Z2p5TkRxRGxWcCtTaExRbFVIOXg4Q0F3RUFBYU9DQVhVd2dnRnhNQjhHQTFVZEl3UVlNQmFBCkZGTjV2MXFxSzByUFZJRGgySnZBbmZLeUEyYkxNQjBHQTFVZERnUVdCQlRJMlhob290a1phTlU5Y3Q1ZkNqN2MKdFlhR3BqQU9CZ05WSFE4QkFmOEVCQU1DQVlZd0VnWURWUjBUQVFIL0JBZ3dCZ0VCL3dJQkFEQWRCZ05WSFNVRQpGakFVQmdnckJnRUZCUWNEQVFZSUt3WUJCUVVIQXdJd0lnWURWUjBnQkJzd0dUQU5CZ3NyQmdFRUFiSXhBUUlDClRqQUlCZ1puZ1F3QkFnRXdVQVlEVlIwZkJFa3dSekJGb0VPZ1FZWS9hSFIwY0RvdkwyTnliQzUxYzJWeWRISjEKYzNRdVkyOXRMMVZUUlZKVWNuVnpkRkpUUVVObGNuUnBabWxqWVhScGIyNUJkWFJvYjNKcGRIa3VZM0pzTUhZRwpDQ3NHQVFVRkJ3RUJCR293YURBL0JnZ3JCZ0VGQlFjd0FvWXphSFIwY0RvdkwyTnlkQzUxYzJWeWRISjFjM1F1ClkyOXRMMVZUUlZKVWNuVnpkRkpUUVVGa1pGUnlkWE4wUTBFdVkzSjBNQ1VHQ0NzR0FRVUZCekFCaGhsb2RIUncKT2k4dmIyTnpjQzUxYzJWeWRISjFjM1F1WTI5dE1BMEdDU3FHU0liM0RRRUJEQVVBQTRJQ0FRQVZEd29JelFEVgplcmNUMGVZcVpqQk5KOFZOV3dWRmxRT3RaRVJxbjVpV25FVmFMWlpkenhsYnZ6MkZ4MEV4VU51VUVnWWtJVk00CllvY0trQ1E3aE81bm9pY29xL0RyRVlINUl1TmN1VzFJOEpKWjlETHVCMWZZdklIbFoySkc0NmlOYlZLQTN5Z0EKRXo4NlJ2RFFsdDJDNDk0cXFQVkl0UmpyejlZbEpFR1QwRHJ0dHlBcHEwWUxGRHpmK1oxcGtNaGg3Yys3ZlhlSgpxbUloZkpwZHVLYzhIRVFrWVFRU2hlbjQyNlMzSDBKcklBYktjQkNpeVlGdU9oZnl2dXdWQ0ZEZkZ2cmpBRGpkCjRqWDF1UVhkMTYxSXlGUmJtODlzMk9qNW9VMXdEWXo1c3graG9DdWg2bFNzKy91UHVXb21JcTN5MUdERk5hZlcKK0xzSEJVMTZsUW81UTJ5aDI1bGFRc0tSZ3lQbU1wSEo5OGVkbTZ5MnNIVWFiQVNtUkh4dkdpdXd3RTI1YURVMAoyU0FlZXB5SW1KMkN6QjgwWUc3V3hseW5IcU5ocEU3eGZDN1B6UWxMZ21mRUhkVSt0SEZlUWF6UlFuckZrVzJXCmtxUkdJcTdjS1JueXlwdmpQTWtqZWlWOWxSZEFNOWZTSnZzQjNzdlV1dTFjb0lHMXh4STF5ZWdvR000cjVRUDQKUkdJVnZZYWlJNzZDMGRqb1NiUS9ka0lVVVhRdUI4QUw1anlIMzRnM0JaYWFYeXZwbW5WNGlscHBNWFZBbkFZRwpPTjUxV2hKNlcweE5kTkp3ellBU1pZSCt0bUNXSStONjBHdjJOTk1HSHdNWjdlOWJYZ3pVQ1pINUZhQkZER1I1ClM5VldxSEI3M1ErT3lJVnZJYktZY1NjMncvYVN1RktHU0E9PQotLS0tLUVORCBDRVJUSUZJQ0FURS0tLS0tCi0tLS0tQkVHSU4gQ0VSVElGSUNBVEUtLS0tLQpNSUlGZ1RDQ0JHbWdBd0lCQWdJUU9YSkVPdmtpdDFIWDAyd1EzVEUxbFRBTkJna3Foa2lHOXcwQkFRd0ZBREI3Ck1Rc3dDUVlEVlFRR0V3SkhRakViTUJrR0ExVUVDQXdTUjNKbFlYUmxjaUJOWVc1amFHVnpkR1Z5TVJBd0RnWUQKVlFRSERBZFRZV3htYjNKa01Sb3dHQVlEVlFRS0RCRkRiMjF2Wkc4Z1EwRWdUR2x0YVhSbFpERWhNQjhHQTFVRQpBd3dZUVVGQklFTmxjblJwWm1sallYUmxJRk5sY25acFkyVnpNQjRYRFRFNU1ETXhNakF3TURBd01Gb1hEVEk0Ck1USXpNVEl6TlRrMU9Wb3dnWWd4Q3pBSkJnTlZCQVlUQWxWVE1STXdFUVlEVlFRSUV3cE9aWGNnU21WeWMyVjUKTVJRd0VnWURWUVFIRXd0S1pYSnpaWGtnUTJsMGVURWVNQndHQTFVRUNoTVZWR2hsSUZWVFJWSlVVbFZUVkNCTwpaWFIzYjNKck1TNHdMQVlEVlFRREV5VlZVMFZTVkhKMWMzUWdVbE5CSUVObGNuUnBabWxqWVhScGIyNGdRWFYwCmFHOXlhWFI1TUlJQ0lqQU5CZ2txaGtpRzl3MEJBUUVGQUFPQ0FnOEFNSUlDQ2dLQ0FnRUFnQkpsRnpZT3c5c0kKczlDc1Z3MTI3YzBuMDB5dFVJTmg0cW9nVFFrdFpBbmN6b21mekQycDdQYlB3ZHp4MDdIV2V6Y29FU3RIMmpuRwp2RG9adEYrbXZYMmRvMk5DdG5ieXFUc3JrZmppYjlEc0ZpQ1FDVDdpNkhUSkdMU1IxR0prMjMrakJ2R0lHR3FRCklqeTgvaFB3aHhSNzl1UWZqdFRrVWNZUlowWUlVY3VHRkZRL3ZEUCtmbXljL3hhZEdMMVJqaldtcDJiSWNtZmIKSVdheDFKdDRBOEJRT3VqTThOeThua3orcndXV05SOVhXcmYvenZrOXR5eTI5bFRkeU9jU09rMnVUSXEzWEpxMAp0eUE5eW44aU5LNStPMmhtQVVUbkFVNUdVNXN6WVBlVXZsTTNrSE5EOHpMRFUrL2JxdjUwVG1uSGE0eGdrOTdFCnh3emY0VEt1ekpNN1VYaVZaNHZ1UFZiK0ROQnBEeHNQOHlVbWF6TnQ5MjVIK25ORDVYNE9wV2F4S1h3eWhHTlYKaWNRTndaTlVNQmtUck5OOU42ZnJYVHBzTlZ6YlFkY1MycWxKQzkvWWdJb0prMktPdFdiUEpZak5oTGl4UDZRNQpEOWtDbnVzU1RKVjg4MnNGcVY0V2c4eTRaK0xvRTUzTVc0TFRUTFB0Vy8vZTVYT3NJenN0QUw4MVZYUUpTZGhKCldCcC9ramJtVVpJTzh5WjlIRTBYdk1uc1F5YlF2MEZmUUtsRVJQU1o1MWVIbmxBZlYxU29QdjEwWXkreFVHVUoKNWxoQ0xrTWFUTFR3SlVkWitnUWVrOVFtUmtwUWdiTGV2bmkzL0djVjRjbFhoQjRQWTlicFlycldYMVV1Nmx6RwpLQWdFSlRtNERpdXA4a3lYSEFjL0RWTDE3ZTh2Z2c4Q0F3RUFBYU9COGpDQjd6QWZCZ05WSFNNRUdEQVdnQlNnCkVRb2pQcGJ4Qit6aXJ5bnZncVYvMERDa3REQWRCZ05WSFE0RUZnUVVVM20vV3FvclNzOVVnT0hZbThDZDhySUQKWnNzd0RnWURWUjBQQVFIL0JBUURBZ0dHTUE4R0ExVWRFd0VCL3dRRk1BTUJBZjh3RVFZRFZSMGdCQW93Q0RBRwpCZ1JWSFNBQU1FTUdBMVVkSHdROE1Eb3dPS0Eyb0RTR01taDBkSEE2THk5amNtd3VZMjl0YjJSdlkyRXVZMjl0CkwwRkJRVU5sY25ScFptbGpZWFJsVTJWeWRtbGpaWE11WTNKc01EUUdDQ3NHQVFVRkJ3RUJCQ2d3SmpBa0JnZ3IKQmdFRkJRY3dBWVlZYUhSMGNEb3ZMMjlqYzNBdVkyOXRiMlJ2WTJFdVkyOXRNQTBHQ1NxR1NJYjNEUUVCREFVQQpBNElCQVFBWWgxSGNkQ0U5bklyZ0o3Y3owQzdNN1BEbXkxNFIzaUp2bTNXT25uTCs1TmIrcWgrY2xpM3ZBMHArCnJ2U05iM0k4UXp2QVArdTQzMXlxcWNhdTh2elk3cU43US9hR05ud1U0TTMwOXovKzNyaTBpdkNSbHY3OVEyUisKL2N6U0FhRjlmZmdaR2NsQ0t4Ty9XSXU2cEtKbUJIYUlrVTRNaVJUT29rM0pNck82NkJRYXZISHhXL0JCQzVnQQpDaUlERU9VTXNmbk5ramNaN1R2eDVEcTIrVVVUSm5XdnU2cnZQM3QzTzlMRUFwRTlHUURURjF3NTJ6OTdHQTFGCnpaT0ZsaTlkMzFrV1R6OVJ2ZFZGR0QvdFNvN29CbUYwSXhhMURWQnpKMFJIZnhCZGlTcHJoVEVVeE9pcGFreUEKdkdwNHo3aC9qblp5bVF5ZC90ZVJDQmFobzErVgotLS0tLUVORCBDRVJUSUZJQ0FURS0tLS0t"
              }
            ],
            "cluster_id": null,
            "compute_config": [],
            "created_at": "2026-05-06T22:34:12Z",
            "enabled_cluster_log_types": null,
            "encryption_config": [],
            "endpoint": "https://localhost.localstack.cloud:4510",
            "force_update_version": null,
            "id": "malaa-cluster",
            "identity": [
              {
                "oidc": [
                  {
                    "issuer": "https://localhost.localstack.cloud:4510"
                  }
                ]
              }
            ],
            "kubernetes_network_config": [
              {
                "elastic_load_balancing": [
                  {
                    "enabled": false
                  }
                ],
                "ip_family": "ipv4",
                "service_ipv4_cidr": "10.100.0.0/16",
                "service_ipv6_cidr": ""
              }
            ],
            "name": "malaa-cluster",
            "outpost_config": [],
            "platform_version": "eks.9",
            "remote_network_config": [],
            "role_arn": "arn:aws:iam::000000000000:role/malaa-eks-role",
            "status": "ACTIVE",
            "storage_config": [],
            "tags": {
              "Name": "malaa-cluster"
            },
            "tags_all": {
              "Name": "malaa-cluster"
            },
            "timeouts": null,
            "upgrade_policy": [
              {
                "support_type": "EXTENDED"
              }
            ],
            "version": "1.35",
            "vpc_config": [
              {
                "cluster_security_group_id": "sg-7e06c4bd9b546f873",
                "endpoint_private_access": false,
                "endpoint_public_access": true,
                "public_access_cidrs": [
                  "0.0.0.0/0"
                ],
                "security_group_ids": [
                  "sg-5dbc211162db45738"
                ],
                "subnet_ids": [
                  "subnet-df9db646136a4bed9"
                ],
                "vpc_id": "vpc-7dc1f1bb3cb9b79bd"
              }
            ],
            "zonal_shift_config": []
          },
          "sensitive_attributes": [],
          "identity_schema_version": 0,
          "private": "eyJlMmJmYjczMC1lY2FhLTExZTYtOGY4OC0zNDM2M2JjN2M0YzAiOnsiY3JlYXRlIjoxODAwMDAwMDAwMDAwLCJkZWxldGUiOjkwMDAwMDAwMDAwMCwidXBkYXRlIjozNjAwMDAwMDAwMDAwfSwic2NoZW1hX3ZlcnNpb24iOiIxIn0=",
          "dependencies": [
            "module.eks.aws_iam_role.eks_cluster",
            "module.eks.aws_iam_role_policy_attachment.eks_policy",
            "module.network.aws_security_group.dmz",
            "module.network.aws_security_group.public_lb",
            "module.network.aws_security_group.servers",
            "module.network.aws_subnet.private_servers",
            "module.network.aws_vpc.main"
          ]
        }
      ]
    },
    {
      "module": "module.eks",
      "mode": "managed",
      "type": "aws_eks_node_group",
      "name": "main",
      "provider": "provider[\"registry.terraform.io/hashicorp/aws\"]",
      "instances": [
        {
          "schema_version": 0,
          "attributes": {
            "ami_type": "",
            "arn": "arn:aws:eks:us-east-1:000000000000:nodegroup/malaa-cluster/malaa-nodes/7d1202b1-20a6-4375-9d53-eae4e3b8bd14",
            "capacity_type": "ON_DEMAND",
            "cluster_name": "malaa-cluster",
            "disk_size": 0,
            "force_update_version": null,
            "id": "malaa-cluster:malaa-nodes",
            "instance_types": [
              "t3.medium"
            ],
            "labels": null,
            "launch_template": [],
            "node_group_name": "malaa-nodes",
            "node_group_name_prefix": "",
            "node_repair_config": [],
            "node_role_arn": "arn:aws:iam::000000000000:role/malaa-eks-nodes-role",
            "release_version": "",
            "remote_access": [],
            "resources": [],
            "scaling_config": [
              {
                "desired_size": 3,
                "max_size": 5,
                "min_size": 3
              }
            ],
            "status": "ACTIVE",
            "subnet_ids": [
              "subnet-df9db646136a4bed9"
            ],
            "tags": null,
            "tags_all": {},
            "taint": [],
            "timeouts": null,
            "update_config": [
              {
                "max_unavailable": 1,
                "max_unavailable_percentage": 0
              }
            ],
            "version": "1.35"
          },
          "sensitive_attributes": [],
          "identity_schema_version": 0,
          "private": "eyJlMmJmYjczMC1lY2FhLTExZTYtOGY4OC0zNDM2M2JjN2M0YzAiOnsiY3JlYXRlIjozNjAwMDAwMDAwMDAwLCJkZWxldGUiOjM2MDAwMDAwMDAwMDAsInVwZGF0ZSI6MzYwMDAwMDAwMDAwMH19",
          "dependencies": [
            "module.eks.aws_eks_cluster.main",
            "module.eks.aws_iam_role.eks_cluster",
            "module.eks.aws_iam_role.eks_nodes",
            "module.eks.aws_iam_role_policy_attachment.eks_policy",
            "module.eks.aws_iam_role_policy_attachment.nodes_cni",
            "module.eks.aws_iam_role_policy_attachment.nodes_ecr",
            "module.eks.aws_iam_role_policy_attachment.nodes_worker",
            "module.network.aws_security_group.dmz",
            "module.network.aws_security_group.public_lb",
            "module.network.aws_security_group.servers",
            "module.network.aws_subnet.private_servers",
            "module.network.aws_vpc.main"
          ]
        }
      ]
    },
    {
      "module": "module.eks",
      "mode": "managed",
      "type": "aws_iam_role",
      "name": "eks_cluster",
      "provider": "provider[\"registry.terraform.io/hashicorp/aws\"]",
      "instances": [
        {
          "schema_version": 0,
          "attributes": {
            "arn": "arn:aws:iam::000000000000:role/malaa-eks-role",
            "assume_role_policy": "{\"Statement\":[{\"Action\":\"sts:AssumeRole\",\"Effect\":\"Allow\",\"Principal\":{\"Service\":\"eks.amazonaws.com\"}}],\"Version\":\"2012-10-17\"}",
            "create_date": "2026-05-06T22:34:01Z",
            "description": "",
            "force_detach_policies": false,
            "id": "malaa-eks-role",
            "inline_policy": [],
            "managed_policy_arns": [],
            "max_session_duration": 3600,
            "name": "malaa-eks-role",
            "name_prefix": "",
            "path": "/",
            "permissions_boundary": "",
            "tags": null,
            "tags_all": {},
            "unique_id": "AROAQAAAAAAACOXH2UPGX"
          },
          "sensitive_attributes": [],
          "identity_schema_version": 0,
          "private": "bnVsbA=="
        }
      ]
    },
    {
      "module": "module.eks",
      "mode": "managed",
      "type": "aws_iam_role",
      "name": "eks_nodes",
      "provider": "provider[\"registry.terraform.io/hashicorp/aws\"]",
      "instances": [
        {
          "schema_version": 0,
          "attributes": {
            "arn": "arn:aws:iam::000000000000:role/malaa-eks-nodes-role",
            "assume_role_policy": "{\"Statement\":[{\"Action\":\"sts:AssumeRole\",\"Effect\":\"Allow\",\"Principal\":{\"Service\":\"ec2.amazonaws.com\"}}],\"Version\":\"2012-10-17\"}",
            "create_date": "2026-05-06T22:34:01Z",
            "description": "",
            "force_detach_policies": false,
            "id": "malaa-eks-nodes-role",
            "inline_policy": [],
            "managed_policy_arns": [],
            "max_session_duration": 3600,
            "name": "malaa-eks-nodes-role",
            "name_prefix": "",
            "path": "/",
            "permissions_boundary": "",
            "tags": null,
            "tags_all": {},
            "unique_id": "AROAQAAAAAAAFDAIGHIEZ"
          },
          "sensitive_attributes": [],
          "identity_schema_version": 0,
          "private": "bnVsbA=="
        }
      ]
    },
    {
      "module": "module.eks",
      "mode": "managed",
      "type": "aws_iam_role_policy_attachment",
      "name": "eks_policy",
      "provider": "provider[\"registry.terraform.io/hashicorp/aws\"]",
      "instances": [
        {
          "schema_version": 0,
          "attributes": {
            "id": "malaa-eks-role-20260506223401596300000003",
            "policy_arn": "arn:aws:iam::aws:policy/AmazonEKSClusterPolicy",
            "role": "malaa-eks-role"
          },
          "sensitive_attributes": [],
          "identity_schema_version": 0,
          "private": "bnVsbA==",
          "dependencies": [
            "module.eks.aws_iam_role.eks_cluster"
          ]
        }
      ]
    },
    {
      "module": "module.eks",
      "mode": "managed",
      "type": "aws_iam_role_policy_attachment",
      "name": "nodes_cni",
      "provider": "provider[\"registry.terraform.io/hashicorp/aws\"]",
      "instances": [
        {
          "schema_version": 0,
          "attributes": {
            "id": "malaa-eks-nodes-role-20260506223401596300000002",
            "policy_arn": "arn:aws:iam::aws:policy/AmazonEKS_CNI_Policy",
            "role": "malaa-eks-nodes-role"
          },
          "sensitive_attributes": [],
          "identity_schema_version": 0,
          "private": "bnVsbA==",
          "dependencies": [
            "module.eks.aws_iam_role.eks_nodes"
          ]
        }
      ]
    },
    {
      "module": "module.eks",
      "mode": "managed",
      "type": "aws_iam_role_policy_attachment",
      "name": "nodes_ecr",
      "provider": "provider[\"registry.terraform.io/hashicorp/aws\"]",
      "instances": [
        {
          "schema_version": 0,
          "attributes": {
            "id": "malaa-eks-nodes-role-20260506223401598000000004",
            "policy_arn": "arn:aws:iam::aws:policy/AmazonEC2ContainerRegistryReadOnly",
            "role": "malaa-eks-nodes-role"
          },
          "sensitive_attributes": [],
          "identity_schema_version": 0,
          "private": "bnVsbA==",
          "dependencies": [
            "module.eks.aws_iam_role.eks_nodes"
          ]
        }
      ]
    },
    {
      "module": "module.eks",
      "mode": "managed",
      "type": "aws_iam_role_policy_attachment",
      "name": "nodes_worker",
      "provider": "provider[\"registry.terraform.io/hashicorp/aws\"]",
      "instances": [
        {
          "schema_version": 0,
          "attributes": {
            "id": "malaa-eks-nodes-role-20260506223401595200000001",
            "policy_arn": "arn:aws:iam::aws:policy/AmazonEKSWorkerNodePolicy",
            "role": "malaa-eks-nodes-role"
          },
          "sensitive_attributes": [],
          "identity_schema_version": 0,
          "private": "bnVsbA==",
          "dependencies": [
            "module.eks.aws_iam_role.eks_nodes"
          ]
        }
      ]
    },
    {
      "module": "module.network",
      "mode": "managed",
      "type": "aws_internet_gateway",
      "name": "igw",
      "provider": "module.network.provider[\"registry.terraform.io/hashicorp/aws\"]",
      "instances": [
        {
          "schema_version": 0,
          "attributes": {
            "arn": "arn:aws:ec2:us-east-1:000000000000:internet-gateway/igw-ea94d816fdf7f96c6",
            "id": "igw-ea94d816fdf7f96c6",
            "owner_id": "000000000000",
            "tags": {
              "Name": "malaa-igw"
            },
            "tags_all": {
              "Name": "malaa-igw"
            },
            "timeouts": null,
            "vpc_id": "vpc-7dc1f1bb3cb9b79bd"
          },
          "sensitive_attributes": [],
          "identity_schema_version": 0,
          "private": "eyJlMmJmYjczMC1lY2FhLTExZTYtOGY4OC0zNDM2M2JjN2M0YzAiOnsiY3JlYXRlIjoxMjAwMDAwMDAwMDAwLCJkZWxldGUiOjEyMDAwMDAwMDAwMDAsInVwZGF0ZSI6MTIwMDAwMDAwMDAwMH19",
          "dependencies": [
            "module.network.aws_vpc.main"
          ]
        }
      ]
    },
    {
      "module": "module.network",
      "mode": "managed",
      "type": "aws_lb",
      "name": "private_db",
      "provider": "module.network.provider[\"registry.terraform.io/hashicorp/aws\"]",
      "instances": [
        {
          "schema_version": 0,
          "attributes": {
            "access_logs": [
              {
                "bucket": "",
                "enabled": false,
                "prefix": ""
              }
            ],
            "arn": "arn:aws:elasticloadbalancing:us-east-1:000000000000:loadbalancer/app/malaa-private-db-nlb/8c0ea12a38ab1dcb",
            "arn_suffix": "app/malaa-private-db-nlb/8c0ea12a38ab1dcb",
            "client_keep_alive": null,
            "connection_logs": [],
            "customer_owned_ipv4_pool": "",
            "desync_mitigation_mode": null,
            "dns_name": "malaa-private-db-nlb.elb.localhost.localstack.cloud",
            "dns_record_client_routing_policy": "any_availability_zone",
            "drop_invalid_header_fields": null,
            "enable_cross_zone_load_balancing": false,
            "enable_deletion_protection": false,
            "enable_http2": null,
            "enable_tls_version_and_cipher_suite_headers": null,
            "enable_waf_fail_open": null,
            "enable_xff_client_port": null,
            "enable_zonal_shift": false,
            "enforce_security_group_inbound_rules_on_private_link_traffic": "",
            "id": "arn:aws:elasticloadbalancing:us-east-1:000000000000:loadbalancer/app/malaa-private-db-nlb/8c0ea12a38ab1dcb",
            "idle_timeout": null,
            "internal": true,
            "ip_address_type": "ipv4",
            "ipam_pools": [],
            "load_balancer_type": "network",
            "minimum_load_balancer_capacity": [],
            "name": "malaa-private-db-nlb",
            "name_prefix": "",
            "preserve_host_header": null,
            "security_groups": [],
            "subnet_mapping": [
              {
                "allocation_id": "",
                "ipv6_address": "",
                "outpost_id": "",
                "private_ipv4_address": "",
                "subnet_id": "subnet-931716dd910d5ac2b"
              }
            ],
            "subnets": [
              "subnet-931716dd910d5ac2b"
            ],
            "tags": {
              "Name": "malaa-private-db-nlb"
            },
            "tags_all": {
              "Name": "malaa-private-db-nlb"
            },
            "timeouts": null,
            "vpc_id": "vpc-7dc1f1bb3cb9b79bd",
            "xff_header_processing_mode": null,
            "zone_id": "Z2P70J7EXAMPLE"
          },
          "sensitive_attributes": [],
          "identity_schema_version": 0,
          "private": "eyJlMmJmYjczMC1lY2FhLTExZTYtOGY4OC0zNDM2M2JjN2M0YzAiOnsiY3JlYXRlIjo2MDAwMDAwMDAwMDAsImRlbGV0ZSI6NjAwMDAwMDAwMDAwLCJ1cGRhdGUiOjYwMDAwMDAwMDAwMH19",
          "dependencies": [
            "module.network.aws_subnet.private_database",
            "module.network.aws_vpc.main"
          ]
        }
      ]
    },
    {
      "module": "module.network",
      "mode": "managed",
      "type": "aws_lb",
      "name": "private_servers",
      "provider": "module.network.provider[\"registry.terraform.io/hashicorp/aws\"]",
      "instances": [
        {
          "schema_version": 0,
          "attributes": {
            "access_logs": [
              {
                "bucket": "",
                "enabled": false,
                "prefix": ""
              }
            ],
            "arn": "arn:aws:elasticloadbalancing:us-east-1:000000000000:loadbalancer/app/malaa-private-servers-alb/a9259910ef3c134e",
            "arn_suffix": "app/malaa-private-servers-alb/a9259910ef3c134e",
            "client_keep_alive": 3600,
            "connection_logs": [
              {
                "bucket": "",
                "enabled": false,
                "prefix": ""
              }
            ],
            "customer_owned_ipv4_pool": "",
            "desync_mitigation_mode": "defensive",
            "dns_name": "malaa-private-servers-alb.elb.localhost.localstack.cloud",
            "dns_record_client_routing_policy": null,
            "drop_invalid_header_fields": false,
            "enable_cross_zone_load_balancing": false,
            "enable_deletion_protection": false,
            "enable_http2": true,
            "enable_tls_version_and_cipher_suite_headers": false,
            "enable_waf_fail_open": false,
            "enable_xff_client_port": false,
            "enable_zonal_shift": false,
            "enforce_security_group_inbound_rules_on_private_link_traffic": "",
            "id": "arn:aws:elasticloadbalancing:us-east-1:000000000000:loadbalancer/app/malaa-private-servers-alb/a9259910ef3c134e",
            "idle_timeout": 60,
            "internal": true,
            "ip_address_type": "ipv4",
            "ipam_pools": [],
            "load_balancer_type": "application",
            "minimum_load_balancer_capacity": [],
            "name": "malaa-private-servers-alb",
            "name_prefix": "",
            "preserve_host_header": false,
            "security_groups": [
              "sg-5dbc211162db45738"
            ],
            "subnet_mapping": [
              {
                "allocation_id": "",
                "ipv6_address": "",
                "outpost_id": "",
                "private_ipv4_address": "",
                "subnet_id": "subnet-df9db646136a4bed9"
              }
            ],
            "subnets": [
              "subnet-df9db646136a4bed9"
            ],
            "tags": {
              "Name": "malaa-private-servers-alb"
            },
            "tags_all": {
              "Name": "malaa-private-servers-alb"
            },
            "timeouts": null,
            "vpc_id": "vpc-7dc1f1bb3cb9b79bd",
            "xff_header_processing_mode": "append",
            "zone_id": "Z2P70J7EXAMPLE"
          },
          "sensitive_attributes": [],
          "identity_schema_version": 0,
          "private": "eyJlMmJmYjczMC1lY2FhLTExZTYtOGY4OC0zNDM2M2JjN2M0YzAiOnsiY3JlYXRlIjo2MDAwMDAwMDAwMDAsImRlbGV0ZSI6NjAwMDAwMDAwMDAwLCJ1cGRhdGUiOjYwMDAwMDAwMDAwMH19",
          "dependencies": [
            "module.network.aws_security_group.dmz",
            "module.network.aws_security_group.public_lb",
            "module.network.aws_security_group.servers",
            "module.network.aws_subnet.private_servers",
            "module.network.aws_vpc.main"
          ]
        }
      ]
    },
    {
      "module": "module.network",
      "mode": "managed",
      "type": "aws_lb",
      "name": "public",
      "provider": "module.network.provider[\"registry.terraform.io/hashicorp/aws\"]",
      "instances": [
        {
          "schema_version": 0,
          "attributes": {
            "access_logs": [
              {
                "bucket": "",
                "enabled": false,
                "prefix": ""
              }
            ],
            "arn": "arn:aws:elasticloadbalancing:us-east-1:000000000000:loadbalancer/app/malaa-public-alb/8e25df85899dcc5b",
            "arn_suffix": "app/malaa-public-alb/8e25df85899dcc5b",
            "client_keep_alive": 3600,
            "connection_logs": [
              {
                "bucket": "",
                "enabled": false,
                "prefix": ""
              }
            ],
            "customer_owned_ipv4_pool": "",
            "desync_mitigation_mode": "defensive",
            "dns_name": "malaa-public-alb.elb.localhost.localstack.cloud",
            "dns_record_client_routing_policy": null,
            "drop_invalid_header_fields": false,
            "enable_cross_zone_load_balancing": false,
            "enable_deletion_protection": false,
            "enable_http2": true,
            "enable_tls_version_and_cipher_suite_headers": false,
            "enable_waf_fail_open": false,
            "enable_xff_client_port": false,
            "enable_zonal_shift": false,
            "enforce_security_group_inbound_rules_on_private_link_traffic": "",
            "id": "arn:aws:elasticloadbalancing:us-east-1:000000000000:loadbalancer/app/malaa-public-alb/8e25df85899dcc5b",
            "idle_timeout": 60,
            "internal": false,
            "ip_address_type": "ipv4",
            "ipam_pools": [],
            "load_balancer_type": "application",
            "minimum_load_balancer_capacity": [],
            "name": "malaa-public-alb",
            "name_prefix": "",
            "preserve_host_header": false,
            "security_groups": [
              "sg-1ecad3aa46f6deaa4"
            ],
            "subnet_mapping": [
              {
                "allocation_id": "",
                "ipv6_address": "",
                "outpost_id": "",
                "private_ipv4_address": "",
                "subnet_id": "subnet-c3a57388bea54b386"
              }
            ],
            "subnets": [
              "subnet-c3a57388bea54b386"
            ],
            "tags": {
              "Name": "malaa-public-alb"
            },
            "tags_all": {
              "Name": "malaa-public-alb"
            },
            "timeouts": null,
            "vpc_id": "vpc-7dc1f1bb3cb9b79bd",
            "xff_header_processing_mode": "append",
            "zone_id": "Z2P70J7EXAMPLE"
          },
          "sensitive_attributes": [],
          "identity_schema_version": 0,
          "private": "eyJlMmJmYjczMC1lY2FhLTExZTYtOGY4OC0zNDM2M2JjN2M0YzAiOnsiY3JlYXRlIjo2MDAwMDAwMDAwMDAsImRlbGV0ZSI6NjAwMDAwMDAwMDAwLCJ1cGRhdGUiOjYwMDAwMDAwMDAwMH19",
          "dependencies": [
            "module.network.aws_security_group.public_lb",
            "module.network.aws_subnet.public_lb",
            "module.network.aws_vpc.main"
          ]
        }
      ]
    },
    {
      "module": "module.network",
      "mode": "managed",
      "type": "aws_lb_listener",
      "name": "public_http",
      "provider": "module.network.provider[\"registry.terraform.io/hashicorp/aws\"]",
      "instances": [
        {
          "schema_version": 0,
          "attributes": {
            "alpn_policy": null,
            "arn": "arn:aws:elasticloadbalancing:us-east-1:000000000000:listener/app/malaa-public-alb/8e25df85899dcc5b/2c7d6a9ae70e228f",
            "certificate_arn": null,
            "default_action": [
              {
                "authenticate_cognito": [],
                "authenticate_oidc": [],
                "fixed_response": [],
                "forward": [],
                "order": 1,
                "redirect": [],
                "target_group_arn": "arn:aws:elasticloadbalancing:us-east-1:000000000000:targetgroup/tg-public/ecca20bf735a6602",
                "type": "forward"
              }
            ],
            "id": "arn:aws:elasticloadbalancing:us-east-1:000000000000:listener/app/malaa-public-alb/8e25df85899dcc5b/2c7d6a9ae70e228f",
            "load_balancer_arn": "arn:aws:elasticloadbalancing:us-east-1:000000000000:loadbalancer/app/malaa-public-alb/8e25df85899dcc5b",
            "mutual_authentication": [],
            "port": 4566,
            "protocol": "HTTP",
            "routing_http_request_x_amzn_mtls_clientcert_header_name": null,
            "routing_http_request_x_amzn_mtls_clientcert_issuer_header_name": null,
            "routing_http_request_x_amzn_mtls_clientcert_leaf_header_name": null,
            "routing_http_request_x_amzn_mtls_clientcert_serial_number_header_name": null,
            "routing_http_request_x_amzn_mtls_clientcert_subject_header_name": null,
            "routing_http_request_x_amzn_mtls_clientcert_validity_header_name": null,
            "routing_http_request_x_amzn_tls_cipher_suite_header_name": null,
            "routing_http_request_x_amzn_tls_version_header_name": null,
            "routing_http_response_access_control_allow_credentials_header_value": "",
            "routing_http_response_access_control_allow_headers_header_value": "",
            "routing_http_response_access_control_allow_methods_header_value": "",
            "routing_http_response_access_control_allow_origin_header_value": "",
            "routing_http_response_access_control_expose_headers_header_value": "",
            "routing_http_response_access_control_max_age_header_value": "",
            "routing_http_response_content_security_policy_header_value": "",
            "routing_http_response_server_enabled": true,
            "routing_http_response_strict_transport_security_header_value": "",
            "routing_http_response_x_content_type_options_header_value": "",
            "routing_http_response_x_frame_options_header_value": "",
            "ssl_policy": "ELBSecurityPolicy-2016-08",
            "tags": null,
            "tags_all": {},
            "tcp_idle_timeout_seconds": null,
            "timeouts": null
          },
          "sensitive_attributes": [],
          "identity_schema_version": 0,
          "private": "eyJlMmJmYjczMC1lY2FhLTExZTYtOGY4OC0zNDM2M2JjN2M0YzAiOnsiY3JlYXRlIjozMDAwMDAwMDAwMDAsInVwZGF0ZSI6MzAwMDAwMDAwMDAwfX0=",
          "dependencies": [
            "module.network.aws_lb.public",
            "module.network.aws_lb_target_group.public",
            "module.network.aws_security_group.public_lb",
            "module.network.aws_subnet.public_lb",
            "module.network.aws_vpc.main"
          ]
        }
      ]
    },
    {
      "module": "module.network",
      "mode": "managed",
      "type": "aws_lb_target_group",
      "name": "db",
      "provider": "module.network.provider[\"registry.terraform.io/hashicorp/aws\"]",
      "instances": [
        {
          "schema_version": 0,
          "attributes": {
            "arn": "arn:aws:elasticloadbalancing:us-east-1:000000000000:targetgroup/tg-db/e83fc4f1d7df7721",
            "arn_suffix": "targetgroup/tg-db/e83fc4f1d7df7721",
            "connection_termination": null,
            "deregistration_delay": "300",
            "health_check": [
              {
                "enabled": true,
                "healthy_threshold": 5,
                "interval": 30,
                "matcher": "",
                "path": "",
                "port": "traffic-port",
                "protocol": "TCP",
                "timeout": 10,
                "unhealthy_threshold": 2
              }
            ],
            "id": "arn:aws:elasticloadbalancing:us-east-1:000000000000:targetgroup/tg-db/e83fc4f1d7df7721",
            "ip_address_type": "ipv4",
            "lambda_multi_value_headers_enabled": false,
            "load_balancer_arns": [],
            "load_balancing_algorithm_type": "round_robin",
            "load_balancing_anomaly_mitigation": null,
            "load_balancing_cross_zone_enabled": "use_load_balancer_configuration",
            "name": "tg-db",
            "name_prefix": "",
            "port": 26257,
            "preserve_client_ip": null,
            "protocol": "TCP",
            "protocol_version": null,
            "proxy_protocol_v2": false,
            "slow_start": 0,
            "stickiness": [
              {
                "cookie_duration": 0,
                "cookie_name": "",
                "enabled": false,
                "type": "source_ip"
              }
            ],
            "tags": null,
            "tags_all": {},
            "target_failover": [
              {
                "on_deregistration": null,
                "on_unhealthy": null
              }
            ],
            "target_group_health": [
              {
                "dns_failover": [
                  {
                    "minimum_healthy_targets_count": null,
                    "minimum_healthy_targets_percentage": null
                  }
                ],
                "unhealthy_state_routing": [
                  {
                    "minimum_healthy_targets_count": null,
                    "minimum_healthy_targets_percentage": null
                  }
                ]
              }
            ],
            "target_health_state": [
              {
                "enable_unhealthy_connection_termination": null,
                "unhealthy_draining_interval": null
              }
            ],
            "target_type": "instance",
            "vpc_id": "vpc-7dc1f1bb3cb9b79bd"
          },
          "sensitive_attributes": [],
          "identity_schema_version": 0,
          "private": "bnVsbA==",
          "dependencies": [
            "module.network.aws_vpc.main"
          ]
        }
      ]
    },
    {
      "module": "module.network",
      "mode": "managed",
      "type": "aws_lb_target_group",
      "name": "public",
      "provider": "module.network.provider[\"registry.terraform.io/hashicorp/aws\"]",
      "instances": [
        {
          "schema_version": 0,
          "attributes": {
            "arn": "arn:aws:elasticloadbalancing:us-east-1:000000000000:targetgroup/tg-public/ecca20bf735a6602",
            "arn_suffix": "targetgroup/tg-public/ecca20bf735a6602",
            "connection_termination": null,
            "deregistration_delay": "300",
            "health_check": [
              {
                "enabled": true,
                "healthy_threshold": 5,
                "interval": 30,
                "matcher": "200",
                "path": "/",
                "port": "traffic-port",
                "protocol": "HTTP",
                "timeout": 5,
                "unhealthy_threshold": 2
              }
            ],
            "id": "arn:aws:elasticloadbalancing:us-east-1:000000000000:targetgroup/tg-public/ecca20bf735a6602",
            "ip_address_type": "ipv4",
            "lambda_multi_value_headers_enabled": false,
            "load_balancer_arns": [],
            "load_balancing_algorithm_type": "round_robin",
            "load_balancing_anomaly_mitigation": null,
            "load_balancing_cross_zone_enabled": "use_load_balancer_configuration",
            "name": "tg-public",
            "name_prefix": "",
            "port": 80,
            "preserve_client_ip": null,
            "protocol": "HTTP",
            "protocol_version": "HTTP1",
            "proxy_protocol_v2": false,
            "slow_start": 0,
            "stickiness": [
              {
                "cookie_duration": 0,
                "cookie_name": "",
                "enabled": false,
                "type": "lb_cookie"
              }
            ],
            "tags": null,
            "tags_all": {},
            "target_failover": [
              {
                "on_deregistration": null,
                "on_unhealthy": null
              }
            ],
            "target_group_health": [
              {
                "dns_failover": [
                  {
                    "minimum_healthy_targets_count": null,
                    "minimum_healthy_targets_percentage": null
                  }
                ],
                "unhealthy_state_routing": [
                  {
                    "minimum_healthy_targets_count": null,
                    "minimum_healthy_targets_percentage": null
                  }
                ]
              }
            ],
            "target_health_state": [
              {
                "enable_unhealthy_connection_termination": null,
                "unhealthy_draining_interval": null
              }
            ],
            "target_type": "instance",
            "vpc_id": "vpc-7dc1f1bb3cb9b79bd"
          },
          "sensitive_attributes": [],
          "identity_schema_version": 0,
          "private": "bnVsbA==",
          "dependencies": [
            "module.network.aws_vpc.main"
          ]
        }
      ]
    },
    {
      "module": "module.network",
      "mode": "managed",
      "type": "aws_lb_target_group",
      "name": "servers",
      "provider": "module.network.provider[\"registry.terraform.io/hashicorp/aws\"]",
      "instances": [
        {
          "schema_version": 0,
          "attributes": {
            "arn": "arn:aws:elasticloadbalancing:us-east-1:000000000000:targetgroup/tg-servers/01103a4b432d33ad",
            "arn_suffix": "targetgroup/tg-servers/01103a4b432d33ad",
            "connection_termination": null,
            "deregistration_delay": "300",
            "health_check": [
              {
                "enabled": true,
                "healthy_threshold": 5,
                "interval": 30,
                "matcher": "200",
                "path": "/",
                "port": "traffic-port",
                "protocol": "HTTP",
                "timeout": 5,
                "unhealthy_threshold": 2
              }
            ],
            "id": "arn:aws:elasticloadbalancing:us-east-1:000000000000:targetgroup/tg-servers/01103a4b432d33ad",
            "ip_address_type": "ipv4",
            "lambda_multi_value_headers_enabled": false,
            "load_balancer_arns": [],
            "load_balancing_algorithm_type": "round_robin",
            "load_balancing_anomaly_mitigation": null,
            "load_balancing_cross_zone_enabled": "use_load_balancer_configuration",
            "name": "tg-servers",
            "name_prefix": "",
            "port": 80,
            "preserve_client_ip": null,
            "protocol": "HTTP",
            "protocol_version": "HTTP1",
            "proxy_protocol_v2": false,
            "slow_start": 0,
            "stickiness": [
              {
                "cookie_duration": 0,
                "cookie_name": "",
                "enabled": false,
                "type": "lb_cookie"
              }
            ],
            "tags": null,
            "tags_all": {},
            "target_failover": [
              {
                "on_deregistration": null,
                "on_unhealthy": null
              }
            ],
            "target_group_health": [
              {
                "dns_failover": [
                  {
                    "minimum_healthy_targets_count": null,
                    "minimum_healthy_targets_percentage": null
                  }
                ],
                "unhealthy_state_routing": [
                  {
                    "minimum_healthy_targets_count": null,
                    "minimum_healthy_targets_percentage": null
                  }
                ]
              }
            ],
            "target_health_state": [
              {
                "enable_unhealthy_connection_termination": null,
                "unhealthy_draining_interval": null
              }
            ],
            "target_type": "instance",
            "vpc_id": "vpc-7dc1f1bb3cb9b79bd"
          },
          "sensitive_attributes": [],
          "identity_schema_version": 0,
          "private": "bnVsbA==",
          "dependencies": [
            "module.network.aws_vpc.main"
          ]
        }
      ]
    },
    {
      "module": "module.network",
      "mode": "managed",
      "type": "aws_route_table",
      "name": "private",
      "provider": "module.network.provider[\"registry.terraform.io/hashicorp/aws\"]",
      "instances": [
        {
          "schema_version": 0,
          "attributes": {
            "arn": "arn:aws:ec2:us-east-1:000000000000:route-table/rtb-9f2811e5b82af54da",
            "id": "rtb-9f2811e5b82af54da",
            "owner_id": "000000000000",
            "propagating_vgws": [],
            "route": [],
            "tags": {
              "Name": "malaa-private-rt"
            },
            "tags_all": {
              "Name": "malaa-private-rt"
            },
            "timeouts": null,
            "vpc_id": "vpc-7dc1f1bb3cb9b79bd"
          },
          "sensitive_attributes": [],
          "identity_schema_version": 0,
          "private": "eyJlMmJmYjczMC1lY2FhLTExZTYtOGY4OC0zNDM2M2JjN2M0YzAiOnsiY3JlYXRlIjozMDAwMDAwMDAwMDAsImRlbGV0ZSI6MzAwMDAwMDAwMDAwLCJ1cGRhdGUiOjEyMDAwMDAwMDAwMH19",
          "dependencies": [
            "module.network.aws_vpc.main"
          ]
        }
      ]
    },
    {
      "module": "module.network",
      "mode": "managed",
      "type": "aws_route_table",
      "name": "public",
      "provider": "module.network.provider[\"registry.terraform.io/hashicorp/aws\"]",
      "instances": [
        {
          "schema_version": 0,
          "attributes": {
            "arn": "arn:aws:ec2:us-east-1:000000000000:route-table/rtb-fbbb950ed4f886a8c",
            "id": "rtb-fbbb950ed4f886a8c",
            "owner_id": "000000000000",
            "propagating_vgws": [],
            "route": [
              {
                "carrier_gateway_id": "",
                "cidr_block": "0.0.0.0/0",
                "core_network_arn": "",
                "destination_prefix_list_id": "",
                "egress_only_gateway_id": "",
                "gateway_id": "igw-ea94d816fdf7f96c6",
                "ipv6_cidr_block": "",
                "local_gateway_id": "",
                "nat_gateway_id": "",
                "network_interface_id": "",
                "transit_gateway_id": "",
                "vpc_endpoint_id": "",
                "vpc_peering_connection_id": ""
              }
            ],
            "tags": {
              "Name": "malaa-public-rt"
            },
            "tags_all": {
              "Name": "malaa-public-rt"
            },
            "timeouts": null,
            "vpc_id": "vpc-7dc1f1bb3cb9b79bd"
          },
          "sensitive_attributes": [],
          "identity_schema_version": 0,
          "private": "eyJlMmJmYjczMC1lY2FhLTExZTYtOGY4OC0zNDM2M2JjN2M0YzAiOnsiY3JlYXRlIjozMDAwMDAwMDAwMDAsImRlbGV0ZSI6MzAwMDAwMDAwMDAwLCJ1cGRhdGUiOjEyMDAwMDAwMDAwMH19",
          "dependencies": [
            "module.network.aws_internet_gateway.igw",
            "module.network.aws_vpc.main"
          ]
        }
      ]
    },
    {
      "module": "module.network",
      "mode": "managed",
      "type": "aws_route_table_association",
      "name": "database",
      "provider": "module.network.provider[\"registry.terraform.io/hashicorp/aws\"]",
      "instances": [
        {
          "schema_version": 0,
          "attributes": {
            "gateway_id": "",
            "id": "rtbassoc-f0eb7357dac4f8c6a",
            "route_table_id": "rtb-9f2811e5b82af54da",
            "subnet_id": "subnet-931716dd910d5ac2b",
            "timeouts": null
          },
          "sensitive_attributes": [],
          "identity_schema_version": 0,
          "private": "eyJlMmJmYjczMC1lY2FhLTExZTYtOGY4OC0zNDM2M2JjN2M0YzAiOnsiY3JlYXRlIjozMDAwMDAwMDAwMDAsImRlbGV0ZSI6MzAwMDAwMDAwMDAwLCJ1cGRhdGUiOjEyMDAwMDAwMDAwMH19",
          "dependencies": [
            "module.network.aws_route_table.private",
            "module.network.aws_subnet.private_database",
            "module.network.aws_vpc.main"
          ]
        }
      ]
    },
    {
      "module": "module.network",
      "mode": "managed",
      "type": "aws_route_table_association",
      "name": "dmz",
      "provider": "module.network.provider[\"registry.terraform.io/hashicorp/aws\"]",
      "instances": [
        {
          "schema_version": 0,
          "attributes": {
            "gateway_id": "",
            "id": "rtbassoc-062d644eea3fed385",
            "route_table_id": "rtb-9f2811e5b82af54da",
            "subnet_id": "subnet-ced6148341acaa1d2",
            "timeouts": null
          },
          "sensitive_attributes": [],
          "identity_schema_version": 0,
          "private": "eyJlMmJmYjczMC1lY2FhLTExZTYtOGY4OC0zNDM2M2JjN2M0YzAiOnsiY3JlYXRlIjozMDAwMDAwMDAwMDAsImRlbGV0ZSI6MzAwMDAwMDAwMDAwLCJ1cGRhdGUiOjEyMDAwMDAwMDAwMH19",
          "dependencies": [
            "module.network.aws_route_table.private",
            "module.network.aws_subnet.private_dmz",
            "module.network.aws_vpc.main"
          ]
        }
      ]
    },
    {
      "module": "module.network",
      "mode": "managed",
      "type": "aws_route_table_association",
      "name": "public_lb",
      "provider": "module.network.provider[\"registry.terraform.io/hashicorp/aws\"]",
      "instances": [
        {
          "schema_version": 0,
          "attributes": {
            "gateway_id": "",
            "id": "rtbassoc-7785735a5be4c365d",
            "route_table_id": "rtb-fbbb950ed4f886a8c",
            "subnet_id": "subnet-c3a57388bea54b386",
            "timeouts": null
          },
          "sensitive_attributes": [],
          "identity_schema_version": 0,
          "private": "eyJlMmJmYjczMC1lY2FhLTExZTYtOGY4OC0zNDM2M2JjN2M0YzAiOnsiY3JlYXRlIjozMDAwMDAwMDAwMDAsImRlbGV0ZSI6MzAwMDAwMDAwMDAwLCJ1cGRhdGUiOjEyMDAwMDAwMDAwMH19",
          "dependencies": [
            "module.network.aws_internet_gateway.igw",
            "module.network.aws_route_table.public",
            "module.network.aws_subnet.public_lb",
            "module.network.aws_vpc.main"
          ]
        }
      ]
    },
    {
      "module": "module.network",
      "mode": "managed",
      "type": "aws_route_table_association",
      "name": "servers",
      "provider": "module.network.provider[\"registry.terraform.io/hashicorp/aws\"]",
      "instances": [
        {
          "schema_version": 0,
          "attributes": {
            "gateway_id": "",
            "id": "rtbassoc-a513dd4ddbf83753f",
            "route_table_id": "rtb-9f2811e5b82af54da",
            "subnet_id": "subnet-df9db646136a4bed9",
            "timeouts": null
          },
          "sensitive_attributes": [],
          "identity_schema_version": 0,
          "private": "eyJlMmJmYjczMC1lY2FhLTExZTYtOGY4OC0zNDM2M2JjN2M0YzAiOnsiY3JlYXRlIjozMDAwMDAwMDAwMDAsImRlbGV0ZSI6MzAwMDAwMDAwMDAwLCJ1cGRhdGUiOjEyMDAwMDAwMDAwMH19",
          "dependencies": [
            "module.network.aws_route_table.private",
            "module.network.aws_subnet.private_servers",
            "module.network.aws_vpc.main"
          ]
        }
      ]
    },
    {
      "module": "module.network",
      "mode": "managed",
      "type": "aws_security_group",
      "name": "database",
      "provider": "module.network.provider[\"registry.terraform.io/hashicorp/aws\"]",
      "instances": [
        {
          "schema_version": 1,
          "attributes": {
            "arn": "arn:aws:ec2:us-east-1:000000000000:security-group/sg-5b1c507b5ac47bbcc",
            "description": "Managed by Terraform",
            "egress": [
              {
                "cidr_blocks": [
                  "10.0.3.0/24"
                ],
                "description": "",
                "from_port": 26257,
                "ipv6_cidr_blocks": [],
                "prefix_list_ids": [],
                "protocol": "tcp",
                "security_groups": [],
                "self": false,
                "to_port": 26257
              },
              {
                "cidr_blocks": [
                  "10.0.3.0/24"
                ],
                "description": "",
                "from_port": 8080,
                "ipv6_cidr_blocks": [],
                "prefix_list_ids": [],
                "protocol": "tcp",
                "security_groups": [],
                "self": false,
                "to_port": 8080
              }
            ],
            "id": "sg-5b1c507b5ac47bbcc",
            "ingress": [
              {
                "cidr_blocks": [],
                "description": "",
                "from_port": 26257,
                "ipv6_cidr_blocks": [],
                "prefix_list_ids": [],
                "protocol": "tcp",
                "security_groups": [
                  "sg-5dbc211162db45738"
                ],
                "self": false,
                "to_port": 26257
              },
              {
                "cidr_blocks": [],
                "description": "",
                "from_port": 8080,
                "ipv6_cidr_blocks": [],
                "prefix_list_ids": [],
                "protocol": "tcp",
                "security_groups": [
                  "sg-5dbc211162db45738"
                ],
                "self": false,
                "to_port": 8080
              }
            ],
            "name": "database",
            "name_prefix": "",
            "owner_id": "000000000000",
            "revoke_rules_on_delete": false,
            "tags": {
              "Name": "sg-database"
            },
            "tags_all": {
              "Name": "sg-database"
            },
            "timeouts": null,
            "vpc_id": "vpc-7dc1f1bb3cb9b79bd"
          },
          "sensitive_attributes": [],
          "identity_schema_version": 0,
          "private": "eyJlMmJmYjczMC1lY2FhLTExZTYtOGY4OC0zNDM2M2JjN2M0YzAiOnsiY3JlYXRlIjo2MDAwMDAwMDAwMDAsImRlbGV0ZSI6OTAwMDAwMDAwMDAwfSwic2NoZW1hX3ZlcnNpb24iOiIxIn0=",
          "dependencies": [
            "module.network.aws_security_group.dmz",
            "module.network.aws_security_group.public_lb",
            "module.network.aws_security_group.servers",
            "module.network.aws_vpc.main"
          ]
        }
      ]
    },
    {
      "module": "module.network",
      "mode": "managed",
      "type": "aws_security_group",
      "name": "dmz",
      "provider": "module.network.provider[\"registry.terraform.io/hashicorp/aws\"]",
      "instances": [
        {
          "schema_version": 1,
          "attributes": {
            "arn": "arn:aws:ec2:us-east-1:000000000000:security-group/sg-d05a42fb68991ed50",
            "description": "Managed by Terraform",
            "egress": [
              {
                "cidr_blocks": [
                  "0.0.0.0/0"
                ],
                "description": "",
                "from_port": 0,
                "ipv6_cidr_blocks": [],
                "prefix_list_ids": [],
                "protocol": "-1",
                "security_groups": [],
                "self": false,
                "to_port": 0
              }
            ],
            "id": "sg-d05a42fb68991ed50",
            "ingress": [
              {
                "cidr_blocks": [],
                "description": "",
                "from_port": 443,
                "ipv6_cidr_blocks": [],
                "prefix_list_ids": [],
                "protocol": "tcp",
                "security_groups": [
                  "sg-1ecad3aa46f6deaa4"
                ],
                "self": false,
                "to_port": 443
              },
              {
                "cidr_blocks": [],
                "description": "",
                "from_port": 80,
                "ipv6_cidr_blocks": [],
                "prefix_list_ids": [],
                "protocol": "tcp",
                "security_groups": [
                  "sg-1ecad3aa46f6deaa4"
                ],
                "self": false,
                "to_port": 80
              }
            ],
            "name": "dmz",
            "name_prefix": "",
            "owner_id": "000000000000",
            "revoke_rules_on_delete": false,
            "tags": {
              "Name": "sg-dmz"
            },
            "tags_all": {
              "Name": "sg-dmz"
            },
            "timeouts": null,
            "vpc_id": "vpc-7dc1f1bb3cb9b79bd"
          },
          "sensitive_attributes": [],
          "identity_schema_version": 0,
          "private": "eyJlMmJmYjczMC1lY2FhLTExZTYtOGY4OC0zNDM2M2JjN2M0YzAiOnsiY3JlYXRlIjo2MDAwMDAwMDAwMDAsImRlbGV0ZSI6OTAwMDAwMDAwMDAwfSwic2NoZW1hX3ZlcnNpb24iOiIxIn0=",
          "dependencies": [
            "module.network.aws_security_group.public_lb",
            "module.network.aws_vpc.main"
          ]
        }
      ]
    },
    {
      "module": "module.network",
      "mode": "managed",
      "type": "aws_security_group",
      "name": "public_lb",
      "provider": "module.network.provider[\"registry.terraform.io/hashicorp/aws\"]",
      "instances": [
        {
          "schema_version": 1,
          "attributes": {
            "arn": "arn:aws:ec2:us-east-1:000000000000:security-group/sg-1ecad3aa46f6deaa4",
            "description": "Managed by Terraform",
            "egress": [
              {
                "cidr_blocks": [
                  "0.0.0.0/0"
                ],
                "description": "",
                "from_port": 0,
                "ipv6_cidr_blocks": [],
                "prefix_list_ids": [],
                "protocol": "-1",
                "security_groups": [],
                "self": false,
                "to_port": 0
              }
            ],
            "id": "sg-1ecad3aa46f6deaa4",
            "ingress": [
              {
                "cidr_blocks": [
                  "0.0.0.0/0"
                ],
                "description": "",
                "from_port": 443,
                "ipv6_cidr_blocks": [],
                "prefix_list_ids": [],
                "protocol": "tcp",
                "security_groups": [],
                "self": false,
                "to_port": 443
              },
              {
                "cidr_blocks": [
                  "0.0.0.0/0"
                ],
                "description": "",
                "from_port": 80,
                "ipv6_cidr_blocks": [],
                "prefix_list_ids": [],
                "protocol": "tcp",
                "security_groups": [],
                "self": false,
                "to_port": 80
              }
            ],
            "name": "public-lb",
            "name_prefix": "",
            "owner_id": "000000000000",
            "revoke_rules_on_delete": false,
            "tags": {
              "Name": "sg-public-lb"
            },
            "tags_all": {
              "Name": "sg-public-lb"
            },
            "timeouts": null,
            "vpc_id": "vpc-7dc1f1bb3cb9b79bd"
          },
          "sensitive_attributes": [],
          "identity_schema_version": 0,
          "private": "eyJlMmJmYjczMC1lY2FhLTExZTYtOGY4OC0zNDM2M2JjN2M0YzAiOnsiY3JlYXRlIjo2MDAwMDAwMDAwMDAsImRlbGV0ZSI6OTAwMDAwMDAwMDAwfSwic2NoZW1hX3ZlcnNpb24iOiIxIn0=",
          "dependencies": [
            "module.network.aws_vpc.main"
          ]
        }
      ]
    },
    {
      "module": "module.network",
      "mode": "managed",
      "type": "aws_security_group",
      "name": "servers",
      "provider": "module.network.provider[\"registry.terraform.io/hashicorp/aws\"]",
      "instances": [
        {
          "schema_version": 1,
          "attributes": {
            "arn": "arn:aws:ec2:us-east-1:000000000000:security-group/sg-5dbc211162db45738",
            "description": "Managed by Terraform",
            "egress": [
              {
                "cidr_blocks": [
                  "0.0.0.0/0"
                ],
                "description": "",
                "from_port": 0,
                "ipv6_cidr_blocks": [],
                "prefix_list_ids": [],
                "protocol": "-1",
                "security_groups": [],
                "self": false,
                "to_port": 0
              }
            ],
            "id": "sg-5dbc211162db45738",
            "ingress": [
              {
                "cidr_blocks": [
                  "10.0.0.0/16"
                ],
                "description": "",
                "from_port": 22,
                "ipv6_cidr_blocks": [],
                "prefix_list_ids": [],
                "protocol": "tcp",
                "security_groups": [],
                "self": false,
                "to_port": 22
              },
              {
                "cidr_blocks": [],
                "description": "",
                "from_port": 443,
                "ipv6_cidr_blocks": [],
                "prefix_list_ids": [],
                "protocol": "tcp",
                "security_groups": [
                  "sg-d05a42fb68991ed50"
                ],
                "self": false,
                "to_port": 443
              },
              {
                "cidr_blocks": [],
                "description": "",
                "from_port": 80,
                "ipv6_cidr_blocks": [],
                "prefix_list_ids": [],
                "protocol": "tcp",
                "security_groups": [
                  "sg-d05a42fb68991ed50"
                ],
                "self": false,
                "to_port": 80
              }
            ],
            "name": "servers",
            "name_prefix": "",
            "owner_id": "000000000000",
            "revoke_rules_on_delete": false,
            "tags": {
              "Name": "sg-servers"
            },
            "tags_all": {
              "Name": "sg-servers"
            },
            "timeouts": null,
            "vpc_id": "vpc-7dc1f1bb3cb9b79bd"
          },
          "sensitive_attributes": [],
          "identity_schema_version": 0,
          "private": "eyJlMmJmYjczMC1lY2FhLTExZTYtOGY4OC0zNDM2M2JjN2M0YzAiOnsiY3JlYXRlIjo2MDAwMDAwMDAwMDAsImRlbGV0ZSI6OTAwMDAwMDAwMDAwfSwic2NoZW1hX3ZlcnNpb24iOiIxIn0=",
          "dependencies": [
            "module.network.aws_security_group.dmz",
            "module.network.aws_security_group.public_lb",
            "module.network.aws_vpc.main"
          ]
        }
      ]
    },
    {
      "module": "module.network",
      "mode": "managed",
      "type": "aws_subnet",
      "name": "private_database",
      "provider": "module.network.provider[\"registry.terraform.io/hashicorp/aws\"]",
      "instances": [
        {
          "schema_version": 1,
          "attributes": {
            "arn": "arn:aws:ec2:us-east-1:000000000000:subnet/subnet-931716dd910d5ac2b",
            "assign_ipv6_address_on_creation": false,
            "availability_zone": "us-east-1a",
            "availability_zone_id": "use1-az6",
            "cidr_block": "10.0.4.0/24",
            "customer_owned_ipv4_pool": "",
            "enable_dns64": false,
            "enable_lni_at_device_index": 0,
            "enable_resource_name_dns_a_record_on_launch": false,
            "enable_resource_name_dns_aaaa_record_on_launch": false,
            "id": "subnet-931716dd910d5ac2b",
            "ipv6_cidr_block": "",
            "ipv6_cidr_block_association_id": "",
            "ipv6_native": false,
            "map_customer_owned_ip_on_launch": false,
            "map_public_ip_on_launch": false,
            "outpost_arn": "",
            "owner_id": "000000000000",
            "private_dns_hostname_type_on_launch": "ip-name",
            "tags": {
              "Name": "malaa-private-db"
            },
            "tags_all": {
              "Name": "malaa-private-db"
            },
            "timeouts": null,
            "vpc_id": "vpc-7dc1f1bb3cb9b79bd"
          },
          "sensitive_attributes": [],
          "identity_schema_version": 0,
          "private": "eyJlMmJmYjczMC1lY2FhLTExZTYtOGY4OC0zNDM2M2JjN2M0YzAiOnsiY3JlYXRlIjo2MDAwMDAwMDAwMDAsImRlbGV0ZSI6MTIwMDAwMDAwMDAwMH0sInNjaGVtYV92ZXJzaW9uIjoiMSJ9",
          "dependencies": [
            "module.network.aws_vpc.main"
          ]
        }
      ]
    },
    {
      "module": "module.network",
      "mode": "managed",
      "type": "aws_subnet",
      "name": "private_dmz",
      "provider": "module.network.provider[\"registry.terraform.io/hashicorp/aws\"]",
      "instances": [
        {
          "schema_version": 1,
          "attributes": {
            "arn": "arn:aws:ec2:us-east-1:000000000000:subnet/subnet-ced6148341acaa1d2",
            "assign_ipv6_address_on_creation": false,
            "availability_zone": "us-east-1a",
            "availability_zone_id": "use1-az6",
            "cidr_block": "10.0.2.0/24",
            "customer_owned_ipv4_pool": "",
            "enable_dns64": false,
            "enable_lni_at_device_index": 0,
            "enable_resource_name_dns_a_record_on_launch": false,
            "enable_resource_name_dns_aaaa_record_on_launch": false,
            "id": "subnet-ced6148341acaa1d2",
            "ipv6_cidr_block": "",
            "ipv6_cidr_block_association_id": "",
            "ipv6_native": false,
            "map_customer_owned_ip_on_launch": false,
            "map_public_ip_on_launch": false,
            "outpost_arn": "",
            "owner_id": "000000000000",
            "private_dns_hostname_type_on_launch": "ip-name",
            "tags": {
              "Name": "malaa-private-dmz"
            },
            "tags_all": {
              "Name": "malaa-private-dmz"
            },
            "timeouts": null,
            "vpc_id": "vpc-7dc1f1bb3cb9b79bd"
          },
          "sensitive_attributes": [],
          "identity_schema_version": 0,
          "private": "eyJlMmJmYjczMC1lY2FhLTExZTYtOGY4OC0zNDM2M2JjN2M0YzAiOnsiY3JlYXRlIjo2MDAwMDAwMDAwMDAsImRlbGV0ZSI6MTIwMDAwMDAwMDAwMH0sInNjaGVtYV92ZXJzaW9uIjoiMSJ9",
          "dependencies": [
            "module.network.aws_vpc.main"
          ]
        }
      ]
    },
    {
      "module": "module.network",
      "mode": "managed",
      "type": "aws_subnet",
      "name": "private_servers",
      "provider": "module.network.provider[\"registry.terraform.io/hashicorp/aws\"]",
      "instances": [
        {
          "schema_version": 1,
          "attributes": {
            "arn": "arn:aws:ec2:us-east-1:000000000000:subnet/subnet-df9db646136a4bed9",
            "assign_ipv6_address_on_creation": false,
            "availability_zone": "us-east-1a",
            "availability_zone_id": "use1-az6",
            "cidr_block": "10.0.3.0/24",
            "customer_owned_ipv4_pool": "",
            "enable_dns64": false,
            "enable_lni_at_device_index": 0,
            "enable_resource_name_dns_a_record_on_launch": false,
            "enable_resource_name_dns_aaaa_record_on_launch": false,
            "id": "subnet-df9db646136a4bed9",
            "ipv6_cidr_block": "",
            "ipv6_cidr_block_association_id": "",
            "ipv6_native": false,
            "map_customer_owned_ip_on_launch": false,
            "map_public_ip_on_launch": false,
            "outpost_arn": "",
            "owner_id": "000000000000",
            "private_dns_hostname_type_on_launch": "ip-name",
            "tags": {
              "Name": "malaa-private-servers"
            },
            "tags_all": {
              "Name": "malaa-private-servers"
            },
            "timeouts": null,
            "vpc_id": "vpc-7dc1f1bb3cb9b79bd"
          },
          "sensitive_attributes": [],
          "identity_schema_version": 0,
          "private": "eyJlMmJmYjczMC1lY2FhLTExZTYtOGY4OC0zNDM2M2JjN2M0YzAiOnsiY3JlYXRlIjo2MDAwMDAwMDAwMDAsImRlbGV0ZSI6MTIwMDAwMDAwMDAwMH0sInNjaGVtYV92ZXJzaW9uIjoiMSJ9",
          "dependencies": [
            "module.network.aws_vpc.main"
          ]
        }
      ]
    },
    {
      "module": "module.network",
      "mode": "managed",
      "type": "aws_subnet",
      "name": "public_lb",
      "provider": "module.network.provider[\"registry.terraform.io/hashicorp/aws\"]",
      "instances": [
        {
          "schema_version": 1,
          "attributes": {
            "arn": "arn:aws:ec2:us-east-1:000000000000:subnet/subnet-c3a57388bea54b386",
            "assign_ipv6_address_on_creation": false,
            "availability_zone": "us-east-1a",
            "availability_zone_id": "use1-az6",
            "cidr_block": "10.0.1.0/24",
            "customer_owned_ipv4_pool": "",
            "enable_dns64": false,
            "enable_lni_at_device_index": 0,
            "enable_resource_name_dns_a_record_on_launch": false,
            "enable_resource_name_dns_aaaa_record_on_launch": false,
            "id": "subnet-c3a57388bea54b386",
            "ipv6_cidr_block": "",
            "ipv6_cidr_block_association_id": "",
            "ipv6_native": false,
            "map_customer_owned_ip_on_launch": false,
            "map_public_ip_on_launch": true,
            "outpost_arn": "",
            "owner_id": "000000000000",
            "private_dns_hostname_type_on_launch": "ip-name",
            "tags": {
              "Name": "malaa-public-lb"
            },
            "tags_all": {
              "Name": "malaa-public-lb"
            },
            "timeouts": null,
            "vpc_id": "vpc-7dc1f1bb3cb9b79bd"
          },
          "sensitive_attributes": [],
          "identity_schema_version": 0,
          "private": "eyJlMmJmYjczMC1lY2FhLTExZTYtOGY4OC0zNDM2M2JjN2M0YzAiOnsiY3JlYXRlIjo2MDAwMDAwMDAwMDAsImRlbGV0ZSI6MTIwMDAwMDAwMDAwMH0sInNjaGVtYV92ZXJzaW9uIjoiMSJ9",
          "dependencies": [
            "module.network.aws_vpc.main"
          ]
        }
      ]
    },
    {
      "module": "module.network",
      "mode": "managed",
      "type": "aws_vpc",
      "name": "main",
      "provider": "module.network.provider[\"registry.terraform.io/hashicorp/aws\"]",
      "instances": [
        {
          "schema_version": 1,
          "attributes": {
            "arn": "arn:aws:ec2:us-east-1:000000000000:vpc/vpc-7dc1f1bb3cb9b79bd",
            "assign_generated_ipv6_cidr_block": false,
            "cidr_block": "10.0.0.0/16",
            "default_network_acl_id": "acl-bc021edcd39a5fb85",
            "default_route_table_id": "rtb-394ead9f1d4a48bc8",
            "default_security_group_id": "sg-38ea2414cf114906b",
            "dhcp_options_id": "default",
            "enable_dns_hostnames": true,
            "enable_dns_support": true,
            "enable_network_address_usage_metrics": false,
            "id": "vpc-7dc1f1bb3cb9b79bd",
            "instance_tenancy": "default",
            "ipv4_ipam_pool_id": null,
            "ipv4_netmask_length": null,
            "ipv6_association_id": "",
            "ipv6_cidr_block": "",
            "ipv6_cidr_block_network_border_group": "",
            "ipv6_ipam_pool_id": "",
            "ipv6_netmask_length": 0,
            "main_route_table_id": "rtb-394ead9f1d4a48bc8",
            "owner_id": "000000000000",
            "tags": {
              "Name": "malaa-vpc"
            },
            "tags_all": {
              "Name": "malaa-vpc"
            }
          },
          "sensitive_attributes": [],
          "identity_schema_version": 0,
          "private": "eyJzY2hlbWFfdmVyc2lvbiI6IjEifQ=="
        }
      ]
    }
  ],
  "check_results": null
}
